
Microsoft Visual Studio Solution File, Format Version 12.00
# Visual Studio 15
Project("{FAE04EC0-301F-11D3-BF4B-00C04F79EFBC}") = "LinearAlgorithms", "LinearAlgorithms\LinearAlgorithms.csproj", "{1978F99F-FFBE-40DF-B5E1-0C7C4EF19979}"
EndProject
Project("{FAE04EC0-301F-11D3-BF4B-00C04F79EFBC}") = "LinearAlgorithms.Tests", "LinearAlgorithms.Tests\LinearAlgorithms.Tests.csproj", "{E393BB23-86CC-45F8-81A3-23361DF0D2EC}"
EndProject
Global
	GlobalSection(SolutionConfigurationPlatforms) = preSolution
		Debug|Any CPU = Debug|Any CPU
		Release|Any CPU = Release|Any CPU
	EndGlobalSection
	GlobalSection(ProjectConfigurationPlatforms) = postSolution
		{1978F99F-FFBE-40DF-B5E1-0C7C4EF19979}.Debug|Any CPU.ActiveCfg = Debug|Any CPU
		{1978F99F-FFBE-40DF-B5E1-0C7C4EF19979}.Debug|Any CPU.Build.0 = Debug|Any CPU
		{1978F99F-FFBE-40DF-B5E1-0C7C4EF19979}.Release|Any CPU.ActiveCfg = Release|Any CPU
		{1978F99F-FFBE-40DF-B5E1-0C7C4EF19979}.Release|Any CPU.Build.0 = Release|Any CPU
		{E393BB23-86CC-45F8-81A3-23361DF0D2EC}.Debug|Any CPU.ActiveCfg = Debug|Any CPU
		{E393BB23-86CC-45F8-81A3-23361DF0D2EC}.Debug|Any CPU.Build.0 = Debug|Any CPU
		{E393BB23-86CC-45F8-81A3-23361DF0D2EC}.Release|Any CPU.ActiveCfg = Release|Any CPU
		{E393BB23-86CC-45F8-81A3-23361DF0D2EC}.Release|Any CPU.Build.0 = Release|Any CPU
	EndGlobalSection
EndGlobal
